
Microsoft Visual Studio Solution File, Format Version 12.00
# Visual Studio Version 16
VisualStudioVersion = 16.0.32630.194
MinimumVisualStudioVersion = 10.0.40219.1
Project("{FAE04EC0-301F-11D3-BF4B-00C04F79EFBC}") = "OnlineFoodOrderWebsiteProject", "OnlineFoodOrderWebsiteProject\OnlineFoodOrderWebsiteProject.csproj", "{C168CBB1-F972-4FA1-8792-A159C6B13C15}"
EndProject
Project("{2150E333-8FDC-42A3-9474-1A3956D46DE8}") = "Solution Items", "Solution Items", "{017075A9-2534-4603-AB22-5FDE59DB6214}"
	ProjectSection(SolutionItems) = preProject
		.editorconfig = .editorconfig
	EndProjectSection
EndProject
Global
	GlobalSection(SolutionConfigurationPlatforms) = preSolution
		Debug|Any CPU = Debug|Any CPU
		Release|Any CPU = Release|Any CPU
	EndGlobalSection
	GlobalSection(ProjectConfigurationPlatforms) = postSolution
		{C168CBB1-F972-4FA1-8792-A159C6B13C15}.Debug|Any CPU.ActiveCfg = Debug|Any CPU
		{C168CBB1-F972-4FA1-8792-A159C6B13C15}.Debug|Any CPU.Build.0 = Debug|Any CPU
		{C168CBB1-F972-4FA1-8792-A159C6B13C15}.Release|Any CPU.ActiveCfg = Release|Any CPU
		{C168CBB1-F972-4FA1-8792-A159C6B13C15}.Release|Any CPU.Build.0 = Release|Any CPU
	EndGlobalSection
	GlobalSection(SolutionProperties) = preSolution
		HideSolutionNode = FALSE
	EndGlobalSection
	GlobalSection(ExtensibilityGlobals) = postSolution
		SolutionGuid = {AC24F7D6-B4A5-472A-8DE4-04C23523B43B}
	EndGlobalSection
EndGlobal
